
Microsoft Visual Studio Solution File, Format Version 12.00
# Visual Studio Version 16
VisualStudioVersion = 16.0.29519.181
MinimumVisualStudioVersion = 10.0.40219.1
Project("{9A19103F-16F7-4668-BE54-9A1E7A4F7556}") = "FirstFunction", "FirstFunction.csproj", "{D5EEF2DA-067F-4FED-B712-68516947FA87}"
EndProject
Global
	GlobalSection(SolutionConfigurationPlatforms) = preSolution
		Debug|Any CPU = Debug|Any CPU
		Release|Any CPU = Release|Any CPU
	EndGlobalSection
	GlobalSection(ProjectConfigurationPlatforms) = postSolution
		{D5EEF2DA-067F-4FED-B712-68516947FA87}.Debug|Any CPU.ActiveCfg = Debug|Any CPU
		{D5EEF2DA-067F-4FED-B712-68516947FA87}.Debug|Any CPU.Build.0 = Debug|Any CPU
		{D5EEF2DA-067F-4FED-B712-68516947FA87}.Release|Any CPU.ActiveCfg = Release|Any CPU
		{D5EEF2DA-067F-4FED-B712-68516947FA87}.Release|Any CPU.Build.0 = Release|Any CPU
	EndGlobalSection
	GlobalSection(SolutionProperties) = preSolution
		HideSolutionNode = FALSE
	EndGlobalSection
	GlobalSection(ExtensibilityGlobals) = postSolution
		SolutionGuid = {F2036F6B-D99D-4756-A969-625A5CC83CD5}
	EndGlobalSection
EndGlobal
